
Microsoft Visual Studio Solution File, Format Version 12.00
# Visual Studio Version 16
VisualStudioVersion = 16.0.30225.117
MinimumVisualStudioVersion = 10.0.40219.1
Project("{FAE04EC0-301F-11D3-BF4B-00C04F79EFBC}") = "UygulamaOgrenciBilgilieri", "UygulamaOgrenciBilgilieri\UygulamaOgrenciBilgilieri.csproj", "{D8C94293-69A7-4019-868E-2F3C02D6081E}"
EndProject
Global
	GlobalSection(SolutionConfigurationPlatforms) = preSolution
		Debug|Any CPU = Debug|Any CPU
		Release|Any CPU = Release|Any CPU
	EndGlobalSection
	GlobalSection(ProjectConfigurationPlatforms) = postSolution
		{D8C94293-69A7-4019-868E-2F3C02D6081E}.Debug|Any CPU.ActiveCfg = Debug|Any CPU
		{D8C94293-69A7-4019-868E-2F3C02D6081E}.Debug|Any CPU.Build.0 = Debug|Any CPU
		{D8C94293-69A7-4019-868E-2F3C02D6081E}.Release|Any CPU.ActiveCfg = Release|Any CPU
		{D8C94293-69A7-4019-868E-2F3C02D6081E}.Release|Any CPU.Build.0 = Release|Any CPU
	EndGlobalSection
	GlobalSection(SolutionProperties) = preSolution
		HideSolutionNode = FALSE
	EndGlobalSection
	GlobalSection(ExtensibilityGlobals) = postSolution
		SolutionGuid = {559DF8C3-D76A-47B7-BFE9-B32B54D4E561}
	EndGlobalSection
EndGlobal
